// !$*UTF8*$!
{
	archiveVersion = 1;
	classes = {
	};
	objectVersion = 77;
	objects = {

/* Begin PBXBuildFile section */
		8E03B3D62D11A45A00277D2B /* String.ext.swift in Sources */ = {isa = PBXBuildFile; fileRef = 8E03B3D52D11A45A00277D2B /* String.ext.swift */; };
		8E03B3D92D11A61B00277D2B /* NSNotification.Name.ext.swift in Sources */ = {isa = PBXBuildFile; fileRef = 8E03B3D82D11A61B00277D2B /* NSNotification.Name.ext.swift */; };
		8E03B3E02D11AB5800277D2B /* StartViewPresenter.swift in Sources */ = {isa = PBXBuildFile; fileRef = 8E03B3DF2D11AB5800277D2B /* StartViewPresenter.swift */; };
		8E03B3E22D11AB6400277D2B /* StartView.swift in Sources */ = {isa = PBXBuildFile; fileRef = 8E03B3E12D11AB6400277D2B /* StartView.swift */; };
		8E063A092D10438D002D2941 /* AppDelegate.swift in Sources */ = {isa = PBXBuildFile; fileRef = 8E063A012D10438D002D2941 /* AppDelegate.swift */; };
		8E063A0A2D10438D002D2941 /* SceneDelegate.swift in Sources */ = {isa = PBXBuildFile; fileRef = 8E063A062D10438D002D2941 /* SceneDelegate.swift */; };
		8E063A0C2D10438D002D2941 /* Assets.xcassets in Resources */ = {isa = PBXBuildFile; fileRef = 8E063A022D10438D002D2941 /* Assets.xcassets */; };
		8E063A0E2D10438D002D2941 /* LaunchScreen.storyboard in Resources */ = {isa = PBXBuildFile; fileRef = 8E063A052D10438D002D2941 /* LaunchScreen.storyboard */; };
		8E063A1B2D104494002D2941 /* AuthenticationView.swift in Sources */ = {isa = PBXBuildFile; fileRef = 8E063A1A2D104494002D2941 /* AuthenticationView.swift */; };
		8E063A1D2D104513002D2941 /* AuthenticationViewPresenter.swift in Sources */ = {isa = PBXBuildFile; fileRef = 8E063A1C2D104513002D2941 /* AuthenticationViewPresenter.swift */; };
		8E063A202D10463E002D2941 /* Builder.swift in Sources */ = {isa = PBXBuildFile; fileRef = 8E063A1F2D10463E002D2941 /* Builder.swift */; };
		8E063A232D1046FF002D2941 /* FireBaseManager.swift in Sources */ = {isa = PBXBuildFile; fileRef = 8E063A222D1046FF002D2941 /* FireBaseManager.swift */; };
		8E063A282D104948002D2941 /* TextField.swift in Sources */ = {isa = PBXBuildFile; fileRef = 8E063A272D104948002D2941 /* TextField.swift */; };
		8E063A2B2D105122002D2941 /* UIView.ext.swift in Sources */ = {isa = PBXBuildFile; fileRef = 8E063A2A2D105122002D2941 /* UIView.ext.swift */; };
		8E063A2E2D105CEA002D2941 /* Button.swift in Sources */ = {isa = PBXBuildFile; fileRef = 8E063A2D2D105CEA002D2941 /* Button.swift */; };
		8E063A332D106C91002D2941 /* RegistrationView.swift in Sources */ = {isa = PBXBuildFile; fileRef = 8E063A322D106C91002D2941 /* RegistrationView.swift */; };
		8E063A352D106CA3002D2941 /* RegistrationViewPresenter.swift in Sources */ = {isa = PBXBuildFile; fileRef = 8E063A342D106CA3002D2941 /* RegistrationViewPresenter.swift */; };
		8E0BE2782D194CA200A1CCAA /* ProfileView.swift in Sources */ = {isa = PBXBuildFile; fileRef = 8E0BE2772D194CA200A1CCAA /* ProfileView.swift */; };
		8E0BE27A2D194CB500A1CCAA /* ProfileViewPresenter.swift in Sources */ = {isa = PBXBuildFile; fileRef = 8E0BE2792D194CB500A1CCAA /* ProfileViewPresenter.swift */; };
		8E0BE27C2D1950A700A1CCAA /* ChatUser.swift in Sources */ = {isa = PBXBuildFile; fileRef = 8E0BE27B2D1950A700A1CCAA /* ChatUser.swift */; };
		8E0BE27E2D1955AA00A1CCAA /* ChatItem.swift in Sources */ = {isa = PBXBuildFile; fileRef = 8E0BE27D2D1955AA00A1CCAA /* ChatItem.swift */; };
		8E0BE2832D195DDC00A1CCAA /* MessengerView.swift in Sources */ = {isa = PBXBuildFile; fileRef = 8E0BE2822D195DDC00A1CCAA /* MessengerView.swift */; };
		8E0BE2852D195DE700A1CCAA /* MessengerViewPresenter.swift in Sources */ = {isa = PBXBuildFile; fileRef = 8E0BE2842D195DE700A1CCAA /* MessengerViewPresenter.swift */; };
		8E0BE2882D19800500A1CCAA /* MessageKit in Frameworks */ = {isa = PBXBuildFile; productRef = 8E0BE2872D19800500A1CCAA /* MessageKit */; };
		8E0BE28B2D1982D100A1CCAA /* Sender.swift in Sources */ = {isa = PBXBuildFile; fileRef = 8E0BE28A2D1982D100A1CCAA /* Sender.swift */; };
		8E0BE28D2D19830500A1CCAA /* Message.swift in Sources */ = {isa = PBXBuildFile; fileRef = 8E0BE28C2D19830500A1CCAA /* Message.swift */; };
		8EC1C0A92D12EEF900A7481D /* CheckPhoneCodeView.swift in Sources */ = {isa = PBXBuildFile; fileRef = 8EC1C0A82D12EEF900A7481D /* CheckPhoneCodeView.swift */; };
		8EC1C0AB2D12EF2300A7481D /* CheckPhoneCodeViewPresenter.swift in Sources */ = {isa = PBXBuildFile; fileRef = 8EC1C0AA2D12EF2300A7481D /* CheckPhoneCodeViewPresenter.swift */; };
		8EEB35762D13F70800567937 /* CheckPhoneCodeView.ext.swift in Sources */ = {isa = PBXBuildFile; fileRef = 8EEB35752D13F70800567937 /* CheckPhoneCodeView.ext.swift */; };
		8EEB35792D14087D00567937 /* PhoneFieldDelegate.swift in Sources */ = {isa = PBXBuildFile; fileRef = 8EEB35782D14087D00567937 /* PhoneFieldDelegate.swift */; };
		8EEB357F2D14431A00567937 /* TabBarPresenter.swift in Sources */ = {isa = PBXBuildFile; fileRef = 8EEB357E2D14431A00567937 /* TabBarPresenter.swift */; };
		8EEB35812D14432500567937 /* TabBarView.swift in Sources */ = {isa = PBXBuildFile; fileRef = 8EEB35802D14432500567937 /* TabBarView.swift */; };
		8EEB35882D144F0E00567937 /* UserListView.swift in Sources */ = {isa = PBXBuildFile; fileRef = 8EEB35872D144F0E00567937 /* UserListView.swift */; };
		8EEB358B2D144F7700567937 /* UserListViewPresenter.swift in Sources */ = {isa = PBXBuildFile; fileRef = 8EEB358A2D144F7700567937 /* UserListViewPresenter.swift */; };
		8EEB35922D14571E00567937 /* MessagesListView.swift in Sources */ = {isa = PBXBuildFile; fileRef = 8EEB35912D14571E00567937 /* MessagesListView.swift */; };
		8EEB35942D14574300567937 /* MessagesListViewPresenter.swift in Sources */ = {isa = PBXBuildFile; fileRef = 8EEB35932D14574300567937 /* MessagesListViewPresenter.swift */; };
		8EFEA3392D1A9CC0005651B5 /* GoogleService-Info.plist in Resources */ = {isa = PBXBuildFile; fileRef = 8EFEA3382D1A9CC0005651B5 /* GoogleService-Info.plist */; };
		8EFEA33B2D1A9DA4005651B5 /* FirebaseCore in Frameworks */ = {isa = PBXBuildFile; productRef = 8EFEA33A2D1A9DA4005651B5 /* FirebaseCore */; };
		8EFEA33E2D1A9F9D005651B5 /* FirebaseAuth in Frameworks */ = {isa = PBXBuildFile; productRef = 8EFEA33D2D1A9F9D005651B5 /* FirebaseAuth */; };
		8EFEA3402D1A9F9D005651B5 /* FirebaseDatabase in Frameworks */ = {isa = PBXBuildFile; productRef = 8EFEA33F2D1A9F9D005651B5 /* FirebaseDatabase */; };
		8EFEA3422D1A9F9D005651B5 /* FirebaseFirestore in Frameworks */ = {isa = PBXBuildFile; productRef = 8EFEA3412D1A9F9D005651B5 /* FirebaseFirestore */; };
		8EFEA3442D1A9F9D005651B5 /* FirebaseStorage in Frameworks */ = {isa = PBXBuildFile; productRef = 8EFEA3432D1A9F9D005651B5 /* FirebaseStorage */; };
		8EFEA3472D1AA411005651B5 /* FieldValidator.swift in Sources */ = {isa = PBXBuildFile; fileRef = 8EFEA3462D1AA411005651B5 /* FieldValidator.swift */; };
		8EFEA3492D1AA96F005651B5 /* RegistrationManager.swift in Sources */ = {isa = PBXBuildFile; fileRef = 8EFEA3482D1AA96F005651B5 /* RegistrationManager.swift */; };
		8EFEA34C2D1AE107005651B5 /* UserInfo.swift in Sources */ = {isa = PBXBuildFile; fileRef = 8EFEA34B2D1AE107005651B5 /* UserInfo.swift */; };
/* End PBXBuildFile section */

/* Begin PBXFileReference section */
		8E03B3D52D11A45A00277D2B /* String.ext.swift */ = {isa = PBXFileReference; lastKnownFileType = sourcecode.swift; path = String.ext.swift; sourceTree = "<group>"; };
		8E03B3D82D11A61B00277D2B /* NSNotification.Name.ext.swift */ = {isa = PBXFileReference; lastKnownFileType = sourcecode.swift; path = NSNotification.Name.ext.swift; sourceTree = "<group>"; };
		8E03B3DF2D11AB5800277D2B /* StartViewPresenter.swift */ = {isa = PBXFileReference; lastKnownFileType = sourcecode.swift; path = StartViewPresenter.swift; sourceTree = "<group>"; };
		8E03B3E12D11AB6400277D2B /* StartView.swift */ = {isa = PBXFileReference; lastKnownFileType = sourcecode.swift; path = StartView.swift; sourceTree = "<group>"; };
		8E0639E92D104245002D2941 /* MyMessenger.app */ = {isa = PBXFileReference; explicitFileType = wrapper.application; includeInIndex = 0; path = MyMessenger.app; sourceTree = BUILT_PRODUCTS_DIR; };
		8E063A012D10438D002D2941 /* AppDelegate.swift */ = {isa = PBXFileReference; lastKnownFileType = sourcecode.swift; path = AppDelegate.swift; sourceTree = "<group>"; };
		8E063A022D10438D002D2941 /* Assets.xcassets */ = {isa = PBXFileReference; lastKnownFileType = folder.assetcatalog; path = Assets.xcassets; sourceTree = "<group>"; };
		8E063A032D10438D002D2941 /* Info.plist */ = {isa = PBXFileReference; lastKnownFileType = text.plist.xml; path = Info.plist; sourceTree = "<group>"; };
		8E063A042D10438D002D2941 /* Base */ = {isa = PBXFileReference; lastKnownFileType = file.storyboard; name = Base; path = Base.lproj/LaunchScreen.storyboard; sourceTree = "<group>"; };
		8E063A062D10438D002D2941 /* SceneDelegate.swift */ = {isa = PBXFileReference; lastKnownFileType = sourcecode.swift; path = SceneDelegate.swift; sourceTree = "<group>"; };
		8E063A1A2D104494002D2941 /* AuthenticationView.swift */ = {isa = PBXFileReference; lastKnownFileType = sourcecode.swift; path = AuthenticationView.swift; sourceTree = "<group>"; };
		8E063A1C2D104513002D2941 /* AuthenticationViewPresenter.swift */ = {isa = PBXFileReference; lastKnownFileType = sourcecode.swift; path = AuthenticationViewPresenter.swift; sourceTree = "<group>"; };
		8E063A1F2D10463E002D2941 /* Builder.swift */ = {isa = PBXFileReference; lastKnownFileType = sourcecode.swift; path = Builder.swift; sourceTree = "<group>"; };
		8E063A222D1046FF002D2941 /* FireBaseManager.swift */ = {isa = PBXFileReference; lastKnownFileType = sourcecode.swift; path = FireBaseManager.swift; sourceTree = "<group>"; };
		8E063A272D104948002D2941 /* TextField.swift */ = {isa = PBXFileReference; lastKnownFileType = sourcecode.swift; path = TextField.swift; sourceTree = "<group>"; };
		8E063A2A2D105122002D2941 /* UIView.ext.swift */ = {isa = PBXFileReference; lastKnownFileType = sourcecode.swift; path = UIView.ext.swift; sourceTree = "<group>"; };
		8E063A2D2D105CEA002D2941 /* Button.swift */ = {isa = PBXFileReference; lastKnownFileType = sourcecode.swift; path = Button.swift; sourceTree = "<group>"; };
		8E063A322D106C91002D2941 /* RegistrationView.swift */ = {isa = PBXFileReference; lastKnownFileType = sourcecode.swift; path = RegistrationView.swift; sourceTree = "<group>"; };
		8E063A342D106CA3002D2941 /* RegistrationViewPresenter.swift */ = {isa = PBXFileReference; lastKnownFileType = sourcecode.swift; path = RegistrationViewPresenter.swift; sourceTree = "<group>"; };
		8E0BE2772D194CA200A1CCAA /* ProfileView.swift */ = {isa = PBXFileReference; lastKnownFileType = sourcecode.swift; path = ProfileView.swift; sourceTree = "<group>"; };
		8E0BE2792D194CB500A1CCAA /* ProfileViewPresenter.swift */ = {isa = PBXFileReference; lastKnownFileType = sourcecode.swift; path = ProfileViewPresenter.swift; sourceTree = "<group>"; };
		8E0BE27B2D1950A700A1CCAA /* ChatUser.swift */ = {isa = PBXFileReference; lastKnownFileType = sourcecode.swift; path = ChatUser.swift; sourceTree = "<group>"; };
		8E0BE27D2D1955AA00A1CCAA /* ChatItem.swift */ = {isa = PBXFileReference; lastKnownFileType = sourcecode.swift; path = ChatItem.swift; sourceTree = "<group>"; };
		8E0BE2822D195DDC00A1CCAA /* MessengerView.swift */ = {isa = PBXFileReference; lastKnownFileType = sourcecode.swift; path = MessengerView.swift; sourceTree = "<group>"; };
		8E0BE2842D195DE700A1CCAA /* MessengerViewPresenter.swift */ = {isa = PBXFileReference; lastKnownFileType = sourcecode.swift; path = MessengerViewPresenter.swift; sourceTree = "<group>"; };
		8E0BE28A2D1982D100A1CCAA /* Sender.swift */ = {isa = PBXFileReference; lastKnownFileType = sourcecode.swift; path = Sender.swift; sourceTree = "<group>"; };
		8E0BE28C2D19830500A1CCAA /* Message.swift */ = {isa = PBXFileReference; lastKnownFileType = sourcecode.swift; path = Message.swift; sourceTree = "<group>"; };
		8EC1C0A82D12EEF900A7481D /* CheckPhoneCodeView.swift */ = {isa = PBXFileReference; lastKnownFileType = sourcecode.swift; path = CheckPhoneCodeView.swift; sourceTree = "<group>"; };
		8EC1C0AA2D12EF2300A7481D /* CheckPhoneCodeViewPresenter.swift */ = {isa = PBXFileReference; lastKnownFileType = sourcecode.swift; path = CheckPhoneCodeViewPresenter.swift; sourceTree = "<group>"; };
		8EEB35752D13F70800567937 /* CheckPhoneCodeView.ext.swift */ = {isa = PBXFileReference; lastKnownFileType = sourcecode.swift; path = CheckPhoneCodeView.ext.swift; sourceTree = "<group>"; };
		8EEB35782D14087D00567937 /* PhoneFieldDelegate.swift */ = {isa = PBXFileReference; lastKnownFileType = sourcecode.swift; path = PhoneFieldDelegate.swift; sourceTree = "<group>"; };
		8EEB357E2D14431A00567937 /* TabBarPresenter.swift */ = {isa = PBXFileReference; lastKnownFileType = sourcecode.swift; path = TabBarPresenter.swift; sourceTree = "<group>"; };
		8EEB35802D14432500567937 /* TabBarView.swift */ = {isa = PBXFileReference; lastKnownFileType = sourcecode.swift; path = TabBarView.swift; sourceTree = "<group>"; };
		8EEB35872D144F0E00567937 /* UserListView.swift */ = {isa = PBXFileReference; lastKnownFileType = sourcecode.swift; path = UserListView.swift; sourceTree = "<group>"; };
		8EEB358A2D144F7700567937 /* UserListViewPresenter.swift */ = {isa = PBXFileReference; lastKnownFileType = sourcecode.swift; path = UserListViewPresenter.swift; sourceTree = "<group>"; };
		8EEB35912D14571E00567937 /* MessagesListView.swift */ = {isa = PBXFileReference; lastKnownFileType = sourcecode.swift; path = MessagesListView.swift; sourceTree = "<group>"; };
		8EEB35932D14574300567937 /* MessagesListViewPresenter.swift */ = {isa = PBXFileReference; lastKnownFileType = sourcecode.swift; path = MessagesListViewPresenter.swift; sourceTree = "<group>"; };
		8EFEA3382D1A9CC0005651B5 /* GoogleService-Info.plist */ = {isa = PBXFileReference; lastKnownFileType = text.plist.xml; path = "GoogleService-Info.plist"; sourceTree = "<group>"; };
		8EFEA3462D1AA411005651B5 /* FieldValidator.swift */ = {isa = PBXFileReference; lastKnownFileType = sourcecode.swift; path = FieldValidator.swift; sourceTree = "<group>"; };
		8EFEA3482D1AA96F005651B5 /* RegistrationManager.swift */ = {isa = PBXFileReference; lastKnownFileType = sourcecode.swift; path = RegistrationManager.swift; sourceTree = "<group>"; };
		8EFEA34B2D1AE107005651B5 /* UserInfo.swift */ = {isa = PBXFileReference; lastKnownFileType = sourcecode.swift; path = UserInfo.swift; sourceTree = "<group>"; };
/* End PBXFileReference section */

/* Begin PBXFrameworksBuildPhase section */
		8E0639E62D104245002D2941 /* Frameworks */ = {
			isa = PBXFrameworksBuildPhase;
			buildActionMask = 2147483647;
			files = (
				8EFEA33B2D1A9DA4005651B5 /* FirebaseCore in Frameworks */,
				8EFEA33E2D1A9F9D005651B5 /* FirebaseAuth in Frameworks */,
				8EFEA3402D1A9F9D005651B5 /* FirebaseDatabase in Frameworks */,
				8EFEA3422D1A9F9D005651B5 /* FirebaseFirestore in Frameworks */,
				8E0BE2882D19800500A1CCAA /* MessageKit in Frameworks */,
				8EFEA3442D1A9F9D005651B5 /* FirebaseStorage in Frameworks */,
			);
			runOnlyForDeploymentPostprocessing = 0;
		};
/* End PBXFrameworksBuildPhase section */

/* Begin PBXGroup section */
		8E03B3D32D11A43100277D2B /* UIView */ = {
			isa = PBXGroup;
			children = (
				8E063A2A2D105122002D2941 /* UIView.ext.swift */,
			);
			path = UIView;
			sourceTree = "<group>";
		};
		8E03B3D42D11A43D00277D2B /* String */ = {
			isa = PBXGroup;
			children = (
				8E03B3D52D11A45A00277D2B /* String.ext.swift */,
			);
			path = String;
			sourceTree = "<group>";
		};
		8E03B3D72D11A5F000277D2B /* NSNotification.Name */ = {
			isa = PBXGroup;
			children = (
				8E03B3D82D11A61B00277D2B /* NSNotification.Name.ext.swift */,
			);
			path = NSNotification.Name;
			sourceTree = "<group>";
		};
		8E03B3DB2D11AB0600277D2B /* StartView */ = {
			isa = PBXGroup;
			children = (
				8E03B3DE2D11AB2200277D2B /* Presenter */,
				8E03B3DD2D11AB1D00277D2B /* Model */,
				8E03B3DC2D11AB0E00277D2B /* View */,
			);
			path = StartView;
			sourceTree = "<group>";
		};
		8E03B3DC2D11AB0E00277D2B /* View */ = {
			isa = PBXGroup;
			children = (
				8E03B3E12D11AB6400277D2B /* StartView.swift */,
			);
			path = View;
			sourceTree = "<group>";
		};
		8E03B3DD2D11AB1D00277D2B /* Model */ = {
			isa = PBXGroup;
			children = (
			);
			path = Model;
			sourceTree = "<group>";
		};
		8E03B3DE2D11AB2200277D2B /* Presenter */ = {
			isa = PBXGroup;
			children = (
				8E03B3DF2D11AB5800277D2B /* StartViewPresenter.swift */,
			);
			path = Presenter;
			sourceTree = "<group>";
		};
		8E0639E02D104245002D2941 = {
			isa = PBXGroup;
			children = (
				8E063A082D10438D002D2941 /* MyMessenger */,
				8EFEA33C2D1A9F9D005651B5 /* Frameworks */,
				8E0639EA2D104245002D2941 /* Products */,
			);
			sourceTree = "<group>";
		};
		8E0639EA2D104245002D2941 /* Products */ = {
			isa = PBXGroup;
			children = (
				8E0639E92D104245002D2941 /* MyMessenger.app */,
			);
			name = Products;
			sourceTree = "<group>";
		};
		8E063A082D10438D002D2941 /* MyMessenger */ = {
			isa = PBXGroup;
			children = (
				8E063A1E2D104631002D2941 /* Builder */,
				8E063A112D1043B2002D2941 /* Helpers */,
				8E063A102D1043AD002D2941 /* Module */,
				8E063A0F2D104396002D2941 /* Common */,
				8E063A022D10438D002D2941 /* Assets.xcassets */,
				8EFEA3382D1A9CC0005651B5 /* GoogleService-Info.plist */,
				8E063A032D10438D002D2941 /* Info.plist */,
				8E063A052D10438D002D2941 /* LaunchScreen.storyboard */,
			);
			path = MyMessenger;
			sourceTree = "<group>";
		};
		8E063A0F2D104396002D2941 /* Common */ = {
			isa = PBXGroup;
			children = (
				8E063A012D10438D002D2941 /* AppDelegate.swift */,
				8E063A062D10438D002D2941 /* SceneDelegate.swift */,
			);
			path = Common;
			sourceTree = "<group>";
		};
		8E063A102D1043AD002D2941 /* Module */ = {
			isa = PBXGroup;
			children = (
				8E063A122D1043BB002D2941 /* App */,
				8E063A142D1043CA002D2941 /* Login */,
			);
			path = Module;
			sourceTree = "<group>";
		};
		8E063A112D1043B2002D2941 /* Helpers */ = {
			isa = PBXGroup;
			children = (
				8EFEA3452D1AA400005651B5 /* Validator */,
				8E063A2C2D105CC8002D2941 /* Button */,
				8E063A292D105116002D2941 /* Extensions */,
				8E063A242D10492D002D2941 /* TextField */,
				8E063A212D1046E6002D2941 /* FireBaseManager */,
			);
			path = Helpers;
			sourceTree = "<group>";
		};
		8E063A122D1043BB002D2941 /* App */ = {
			isa = PBXGroup;
			children = (
				8E0BE2732D194C7000A1CCAA /* Profile */,
				8EEB35822D144B2B00567937 /* UserList */,
				8EEB35832D144B3300567937 /* Messages */,
				8E063A132D1043C4002D2941 /* TabBar */,
			);
			path = App;
			sourceTree = "<group>";
		};
		8E063A132D1043C4002D2941 /* TabBar */ = {
			isa = PBXGroup;
			children = (
				8EEB357C2D1442EC00567937 /* Presenter */,
				8EEB357B2D1442E400567937 /* Model */,
				8EEB357A2D1442DB00567937 /* View */,
			);
			path = TabBar;
			sourceTree = "<group>";
		};
		8E063A142D1043CA002D2941 /* Login */ = {
			isa = PBXGroup;
			children = (
				8E03B3DB2D11AB0600277D2B /* StartView */,
				8E063A162D1043D9002D2941 /* RegistrationView */,
				8E063A152D1043CF002D2941 /* AuthenticationView */,
				8EC1C0A42D12EE7900A7481D /* CheckPhoneCodeView */,
			);
			path = Login;
			sourceTree = "<group>";
		};
		8E063A152D1043CF002D2941 /* AuthenticationView */ = {
			isa = PBXGroup;
			children = (
				8E063A172D10442A002D2941 /* Presenter */,
				8E063A182D104435002D2941 /* Model */,
				8E063A192D10443C002D2941 /* View */,
			);
			path = AuthenticationView;
			sourceTree = "<group>";
		};
		8E063A162D1043D9002D2941 /* RegistrationView */ = {
			isa = PBXGroup;
			children = (
				8E063A312D106C45002D2941 /* Presenter */,
				8E063A302D106C40002D2941 /* Model */,
				8E063A2F2D106C39002D2941 /* View */,
			);
			path = RegistrationView;
			sourceTree = "<group>";
		};
		8E063A172D10442A002D2941 /* Presenter */ = {
			isa = PBXGroup;
			children = (
				8E063A1C2D104513002D2941 /* AuthenticationViewPresenter.swift */,
			);
			path = Presenter;
			sourceTree = "<group>";
		};
		8E063A182D104435002D2941 /* Model */ = {
			isa = PBXGroup;
			children = (
			);
			path = Model;
			sourceTree = "<group>";
		};
		8E063A192D10443C002D2941 /* View */ = {
			isa = PBXGroup;
			children = (
				8E063A1A2D104494002D2941 /* AuthenticationView.swift */,
			);
			path = View;
			sourceTree = "<group>";
		};
		8E063A1E2D104631002D2941 /* Builder */ = {
			isa = PBXGroup;
			children = (
				8E063A1F2D10463E002D2941 /* Builder.swift */,
			);
			path = Builder;
			sourceTree = "<group>";
		};
		8E063A212D1046E6002D2941 /* FireBaseManager */ = {
			isa = PBXGroup;
			children = (
				8E063A222D1046FF002D2941 /* FireBaseManager.swift */,
			);
			path = FireBaseManager;
			sourceTree = "<group>";
		};
		8E063A242D10492D002D2941 /* TextField */ = {
			isa = PBXGroup;
			children = (
				8E063A272D104948002D2941 /* TextField.swift */,
			);
			path = TextField;
			sourceTree = "<group>";
		};
		8E063A292D105116002D2941 /* Extensions */ = {
			isa = PBXGroup;
			children = (
				8EEB35772D14085500567937 /* PhoneFieldDelegate */,
				8EEB35742D13F6EF00567937 /* CheckPhoneCode */,
				8E03B3D72D11A5F000277D2B /* NSNotification.Name */,
				8E03B3D42D11A43D00277D2B /* String */,
				8E03B3D32D11A43100277D2B /* UIView */,
			);
			path = Extensions;
			sourceTree = "<group>";
		};
		8E063A2C2D105CC8002D2941 /* Button */ = {
			isa = PBXGroup;
			children = (
				8E063A2D2D105CEA002D2941 /* Button.swift */,
			);
			path = Button;
			sourceTree = "<group>";
		};
		8E063A2F2D106C39002D2941 /* View */ = {
			isa = PBXGroup;
			children = (
				8E063A322D106C91002D2941 /* RegistrationView.swift */,
			);
			path = View;
			sourceTree = "<group>";
		};
		8E063A302D106C40002D2941 /* Model */ = {
			isa = PBXGroup;
			children = (
				8EFEA34A2D1AE0F9005651B5 /* DataModel */,
				8EFEA3482D1AA96F005651B5 /* RegistrationManager.swift */,
			);
			path = Model;
			sourceTree = "<group>";
		};
		8E063A312D106C45002D2941 /* Presenter */ = {
			isa = PBXGroup;
			children = (
				8E063A342D106CA3002D2941 /* RegistrationViewPresenter.swift */,
			);
			path = Presenter;
			sourceTree = "<group>";
		};
		8E0BE2732D194C7000A1CCAA /* Profile */ = {
			isa = PBXGroup;
			children = (
				8E0BE2762D194C8600A1CCAA /* Presenter */,
				8E0BE2752D194C8100A1CCAA /* Model */,
				8E0BE2742D194C7A00A1CCAA /* View */,
			);
			path = Profile;
			sourceTree = "<group>";
		};
		8E0BE2742D194C7A00A1CCAA /* View */ = {
			isa = PBXGroup;
			children = (
				8E0BE2772D194CA200A1CCAA /* ProfileView.swift */,
			);
			path = View;
			sourceTree = "<group>";
		};
		8E0BE2752D194C8100A1CCAA /* Model */ = {
			isa = PBXGroup;
			children = (
			);
			path = Model;
			sourceTree = "<group>";
		};
		8E0BE2762D194C8600A1CCAA /* Presenter */ = {
			isa = PBXGroup;
			children = (
				8E0BE2792D194CB500A1CCAA /* ProfileViewPresenter.swift */,
			);
			path = Presenter;
			sourceTree = "<group>";
		};
		8E0BE27F2D195DBD00A1CCAA /* View */ = {
			isa = PBXGroup;
			children = (
				8E0BE2822D195DDC00A1CCAA /* MessengerView.swift */,
			);
			path = View;
			sourceTree = "<group>";
		};
		8E0BE2802D195DC100A1CCAA /* Model */ = {
			isa = PBXGroup;
			children = (
				8E0BE2892D1982BA00A1CCAA /* DataModel */,
			);
			path = Model;
			sourceTree = "<group>";
		};
		8E0BE2812D195DC600A1CCAA /* Presenter */ = {
			isa = PBXGroup;
			children = (
				8E0BE2842D195DE700A1CCAA /* MessengerViewPresenter.swift */,
			);
			path = Presenter;
			sourceTree = "<group>";
		};
		8E0BE2892D1982BA00A1CCAA /* DataModel */ = {
			isa = PBXGroup;
			children = (
				8E0BE28A2D1982D100A1CCAA /* Sender.swift */,
				8E0BE28C2D19830500A1CCAA /* Message.swift */,
			);
			path = DataModel;
			sourceTree = "<group>";
		};
		8EC1C0A42D12EE7900A7481D /* CheckPhoneCodeView */ = {
			isa = PBXGroup;
			children = (
				8EC1C0A52D12EEAF00A7481D /* Presenter */,
				8EC1C0A62D12EEB700A7481D /* Model */,
				8EC1C0A72D12EEBC00A7481D /* View */,
			);
			path = CheckPhoneCodeView;
			sourceTree = "<group>";
		};
		8EC1C0A52D12EEAF00A7481D /* Presenter */ = {
			isa = PBXGroup;
			children = (
				8EC1C0AA2D12EF2300A7481D /* CheckPhoneCodeViewPresenter.swift */,
			);
			path = Presenter;
			sourceTree = "<group>";
		};
		8EC1C0A62D12EEB700A7481D /* Model */ = {
			isa = PBXGroup;
			children = (
			);
			path = Model;
			sourceTree = "<group>";
		};
		8EC1C0A72D12EEBC00A7481D /* View */ = {
			isa = PBXGroup;
			children = (
				8EC1C0A82D12EEF900A7481D /* CheckPhoneCodeView.swift */,
			);
			path = View;
			sourceTree = "<group>";
		};
		8EEB35742D13F6EF00567937 /* CheckPhoneCode */ = {
			isa = PBXGroup;
			children = (
				8EEB35752D13F70800567937 /* CheckPhoneCodeView.ext.swift */,
			);
			path = CheckPhoneCode;
			sourceTree = "<group>";
		};
		8EEB35772D14085500567937 /* PhoneFieldDelegate */ = {
			isa = PBXGroup;
			children = (
				8EEB35782D14087D00567937 /* PhoneFieldDelegate.swift */,
			);
			path = PhoneFieldDelegate;
			sourceTree = "<group>";
		};
		8EEB357A2D1442DB00567937 /* View */ = {
			isa = PBXGroup;
			children = (
				8EEB35802D14432500567937 /* TabBarView.swift */,
			);
			path = View;
			sourceTree = "<group>";
		};
		8EEB357B2D1442E400567937 /* Model */ = {
			isa = PBXGroup;
			children = (
			);
			path = Model;
			sourceTree = "<group>";
		};
		8EEB357C2D1442EC00567937 /* Presenter */ = {
			isa = PBXGroup;
			children = (
				8EEB357E2D14431A00567937 /* TabBarPresenter.swift */,
			);
			path = Presenter;
			sourceTree = "<group>";
		};
		8EEB35822D144B2B00567937 /* UserList */ = {
			isa = PBXGroup;
			children = (
				8EEB35862D144D2600567937 /* Presenter */,
				8EEB35852D144D2200567937 /* Model */,
				8EEB35842D144D1B00567937 /* View */,
			);
			path = UserList;
			sourceTree = "<group>";
		};
		8EEB35832D144B3300567937 /* Messages */ = {
			isa = PBXGroup;
			children = (
				8EEB358D2D1456F300567937 /* MessagesList */,
				8EEB358C2D1456E500567937 /* Messenger */,
			);
			path = Messages;
			sourceTree = "<group>";
		};
		8EEB35842D144D1B00567937 /* View */ = {
			isa = PBXGroup;
			children = (
				8EEB35872D144F0E00567937 /* UserListView.swift */,
			);
			path = View;
			sourceTree = "<group>";
		};
		8EEB35852D144D2200567937 /* Model */ = {
			isa = PBXGroup;
			children = (
				8E0BE27B2D1950A700A1CCAA /* ChatUser.swift */,
			);
			path = Model;
			sourceTree = "<group>";
		};
		8EEB35862D144D2600567937 /* Presenter */ = {
			isa = PBXGroup;
			children = (
				8EEB358A2D144F7700567937 /* UserListViewPresenter.swift */,
			);
			path = Presenter;
			sourceTree = "<group>";
		};
		8EEB358C2D1456E500567937 /* Messenger */ = {
			isa = PBXGroup;
			children = (
				8E0BE2812D195DC600A1CCAA /* Presenter */,
				8E0BE2802D195DC100A1CCAA /* Model */,
				8E0BE27F2D195DBD00A1CCAA /* View */,
			);
			path = Messenger;
			sourceTree = "<group>";
		};
		8EEB358D2D1456F300567937 /* MessagesList */ = {
			isa = PBXGroup;
			children = (
				8EEB35902D14570500567937 /* Presenter */,
				8EEB358F2D14570100567937 /* Model */,
				8EEB358E2D1456FD00567937 /* View */,
			);
			path = MessagesList;
			sourceTree = "<group>";
		};
		8EEB358E2D1456FD00567937 /* View */ = {
			isa = PBXGroup;
			children = (
				8EEB35912D14571E00567937 /* MessagesListView.swift */,
			);
			path = View;
			sourceTree = "<group>";
		};
		8EEB358F2D14570100567937 /* Model */ = {
			isa = PBXGroup;
			children = (
				8E0BE27D2D1955AA00A1CCAA /* ChatItem.swift */,
			);
			path = Model;
			sourceTree = "<group>";
		};
		8EEB35902D14570500567937 /* Presenter */ = {
			isa = PBXGroup;
			children = (
				8EEB35932D14574300567937 /* MessagesListViewPresenter.swift */,
			);
			path = Presenter;
			sourceTree = "<group>";
		};
		8EFEA33C2D1A9F9D005651B5 /* Frameworks */ = {
			isa = PBXGroup;
			children = (
			);
			name = Frameworks;
			sourceTree = "<group>";
		};
		8EFEA3452D1AA400005651B5 /* Validator */ = {
			isa = PBXGroup;
			children = (
				8EFEA3462D1AA411005651B5 /* FieldValidator.swift */,
			);
			path = Validator;
			sourceTree = "<group>";
		};
		8EFEA34A2D1AE0F9005651B5 /* DataModel */ = {
			isa = PBXGroup;
			children = (
				8EFEA34B2D1AE107005651B5 /* UserInfo.swift */,
			);
			path = DataModel;
			sourceTree = "<group>";
		};
/* End PBXGroup section */

/* Begin PBXNativeTarget section */
		8E0639E82D104245002D2941 /* MyMessenger */ = {
			isa = PBXNativeTarget;
			buildConfigurationList = 8E0639FC2D104246002D2941 /* Build configuration list for PBXNativeTarget "MyMessenger" */;
			buildPhases = (
				8E0639E52D104245002D2941 /* Sources */,
				8E0639E62D104245002D2941 /* Frameworks */,
				8E0639E72D104245002D2941 /* Resources */,
			);
			buildRules = (
			);
			dependencies = (
			);
			name = MyMessenger;
			packageProductDependencies = (
				8E0BE2872D19800500A1CCAA /* MessageKit */,
				8EFEA33A2D1A9DA4005651B5 /* FirebaseCore */,
				8EFEA33D2D1A9F9D005651B5 /* FirebaseAuth */,
				8EFEA33F2D1A9F9D005651B5 /* FirebaseDatabase */,
				8EFEA3412D1A9F9D005651B5 /* FirebaseFirestore */,
				8EFEA3432D1A9F9D005651B5 /* FirebaseStorage */,
			);
			productName = MyMessenger;
			productReference = 8E0639E92D104245002D2941 /* MyMessenger.app */;
			productType = "com.apple.product-type.application";
		};
/* End PBXNativeTarget section */

/* Begin PBXProject section */
		8E0639E12D104245002D2941 /* Project object */ = {
			isa = PBXProject;
			attributes = {
				BuildIndependentTargetsInParallel = 1;
				LastSwiftUpdateCheck = 1600;
				LastUpgradeCheck = 1600;
				TargetAttributes = {
					8E0639E82D104245002D2941 = {
						CreatedOnToolsVersion = 16.0;
					};
				};
			};
			buildConfigurationList = 8E0639E42D104245002D2941 /* Build configuration list for PBXProject "MyMessenger" */;
			developmentRegion = en;
			hasScannedForEncodings = 0;
			knownRegions = (
				en,
				Base,
			);
			mainGroup = 8E0639E02D104245002D2941;
			minimizedProjectReferenceProxies = 1;
			packageReferences = (
				8E0BE2862D19800500A1CCAA /* XCRemoteSwiftPackageReference "MessageKit" */,
				8EFEA3372D1A9C45005651B5 /* XCRemoteSwiftPackageReference "firebase-ios-sdk" */,
			);
			preferredProjectObjectVersion = 77;
			productRefGroup = 8E0639EA2D104245002D2941 /* Products */;
			projectDirPath = "";
			projectRoot = "";
			targets = (
				8E0639E82D104245002D2941 /* MyMessenger */,
			);
		};
/* End PBXProject section */

/* Begin PBXResourcesBuildPhase section */
		8E0639E72D104245002D2941 /* Resources */ = {
			isa = PBXResourcesBuildPhase;
			buildActionMask = 2147483647;
			files = (
				8E063A0C2D10438D002D2941 /* Assets.xcassets in Resources */,
				8E063A0E2D10438D002D2941 /* LaunchScreen.storyboard in Resources */,
				8EFEA3392D1A9CC0005651B5 /* GoogleService-Info.plist in Resources */,
			);
			runOnlyForDeploymentPostprocessing = 0;
		};
/* End PBXResourcesBuildPhase section */

/* Begin PBXSourcesBuildPhase section */
		8E0639E52D104245002D2941 /* Sources */ = {
			isa = PBXSourcesBuildPhase;
			buildActionMask = 2147483647;
			files = (
				8EEB357F2D14431A00567937 /* TabBarPresenter.swift in Sources */,
				8EEB35762D13F70800567937 /* CheckPhoneCodeView.ext.swift in Sources */,
				8E0BE2852D195DE700A1CCAA /* MessengerViewPresenter.swift in Sources */,
				8EFEA3472D1AA411005651B5 /* FieldValidator.swift in Sources */,
				8E063A2B2D105122002D2941 /* UIView.ext.swift in Sources */,
				8EEB35792D14087D00567937 /* PhoneFieldDelegate.swift in Sources */,
				8EC1C0A92D12EEF900A7481D /* CheckPhoneCodeView.swift in Sources */,
				8E0BE28D2D19830500A1CCAA /* Message.swift in Sources */,
				8EEB358B2D144F7700567937 /* UserListViewPresenter.swift in Sources */,
				8E063A092D10438D002D2941 /* AppDelegate.swift in Sources */,
				8E0BE28B2D1982D100A1CCAA /* Sender.swift in Sources */,
				8E063A1D2D104513002D2941 /* AuthenticationViewPresenter.swift in Sources */,
				8EEB35882D144F0E00567937 /* UserListView.swift in Sources */,
				8E03B3D92D11A61B00277D2B /* NSNotification.Name.ext.swift in Sources */,
				8E0BE27A2D194CB500A1CCAA /* ProfileViewPresenter.swift in Sources */,
				8EFEA3492D1AA96F005651B5 /* RegistrationManager.swift in Sources */,
				8EFEA34C2D1AE107005651B5 /* UserInfo.swift in Sources */,
				8E063A232D1046FF002D2941 /* FireBaseManager.swift in Sources */,
				8E063A282D104948002D2941 /* TextField.swift in Sources */,
				8E03B3E22D11AB6400277D2B /* StartView.swift in Sources */,
				8EEB35942D14574300567937 /* MessagesListViewPresenter.swift in Sources */,
				8E0BE27E2D1955AA00A1CCAA /* ChatItem.swift in Sources */,
				8E0BE2782D194CA200A1CCAA /* ProfileView.swift in Sources */,
				8E063A352D106CA3002D2941 /* RegistrationViewPresenter.swift in Sources */,
				8E063A0A2D10438D002D2941 /* SceneDelegate.swift in Sources */,
				8E03B3E02D11AB5800277D2B /* StartViewPresenter.swift in Sources */,
				8EEB35922D14571E00567937 /* MessagesListView.swift in Sources */,
				8E0BE27C2D1950A700A1CCAA /* ChatUser.swift in Sources */,
				8E063A1B2D104494002D2941 /* AuthenticationView.swift in Sources */,
				8E063A2E2D105CEA002D2941 /* Button.swift in Sources */,
				8E0BE2832D195DDC00A1CCAA /* MessengerView.swift in Sources */,
				8EEB35812D14432500567937 /* TabBarView.swift in Sources */,
				8E03B3D62D11A45A00277D2B /* String.ext.swift in Sources */,
				8E063A202D10463E002D2941 /* Builder.swift in Sources */,
				8EC1C0AB2D12EF2300A7481D /* CheckPhoneCodeViewPresenter.swift in Sources */,
				8E063A332D106C91002D2941 /* RegistrationView.swift in Sources */,
			);
			runOnlyForDeploymentPostprocessing = 0;
		};
/* End PBXSourcesBuildPhase section */

/* Begin PBXVariantGroup section */
		8E063A052D10438D002D2941 /* LaunchScreen.storyboard */ = {
			isa = PBXVariantGroup;
			children = (
				8E063A042D10438D002D2941 /* Base */,
			);
			name = LaunchScreen.storyboard;
			sourceTree = "<group>";
		};
/* End PBXVariantGroup section */

/* Begin XCBuildConfiguration section */
		8E0639FD2D104246002D2941 /* Debug */ = {
			isa = XCBuildConfiguration;
			buildSettings = {
				ASSETCATALOG_COMPILER_APPICON_NAME = AppIcon;
				ASSETCATALOG_COMPILER_GLOBAL_ACCENT_COLOR_NAME = AccentColor;
				CODE_SIGN_STYLE = Automatic;
				CURRENT_PROJECT_VERSION = 1;
				DEVELOPMENT_TEAM = 69JSYK84ZC;
				GENERATE_INFOPLIST_FILE = YES;
				INFOPLIST_FILE = MyMessenger/Info.plist;
				INFOPLIST_KEY_UIApplicationSupportsIndirectInputEvents = YES;
				INFOPLIST_KEY_UILaunchStoryboardName = LaunchScreen;
				INFOPLIST_KEY_UISupportedInterfaceOrientations_iPad = "UIInterfaceOrientationPortrait UIInterfaceOrientationPortraitUpsideDown UIInterfaceOrientationLandscapeLeft UIInterfaceOrientationLandscapeRight";
				INFOPLIST_KEY_UISupportedInterfaceOrientations_iPhone = "UIInterfaceOrientationPortrait UIInterfaceOrientationLandscapeLeft UIInterfaceOrientationLandscapeRight";
				LD_RUNPATH_SEARCH_PATHS = (
					"$(inherited)",
					"@executable_path/Frameworks",
				);
				MARKETING_VERSION = 1.0;
				PRODUCT_BUNDLE_IDENTIFIER = nzzima.MyMessenger;
				PRODUCT_NAME = "$(TARGET_NAME)";
				SUPPORTED_PLATFORMS = "iphoneos iphonesimulator";
				SUPPORTS_MACCATALYST = NO;
				SUPPORTS_MAC_DESIGNED_FOR_IPHONE_IPAD = NO;
				SUPPORTS_XR_DESIGNED_FOR_IPHONE_IPAD = NO;
				SWIFT_EMIT_LOC_STRINGS = YES;
				SWIFT_VERSION = 5.0;
				TARGETED_DEVICE_FAMILY = 1;
			};
			name = Debug;
		};
		8E0639FE2D104246002D2941 /* Release */ = {
			isa = XCBuildConfiguration;
			buildSettings = {
				ASSETCATALOG_COMPILER_APPICON_NAME = AppIcon;
				ASSETCATALOG_COMPILER_GLOBAL_ACCENT_COLOR_NAME = AccentColor;
				CODE_SIGN_STYLE = Automatic;
				CURRENT_PROJECT_VERSION = 1;
				DEVELOPMENT_TEAM = 69JSYK84ZC;
				GENERATE_INFOPLIST_FILE = YES;
				INFOPLIST_FILE = MyMessenger/Info.plist;
				INFOPLIST_KEY_UIApplicationSupportsIndirectInputEvents = YES;
				INFOPLIST_KEY_UILaunchStoryboardName = LaunchScreen;
				INFOPLIST_KEY_UISupportedInterfaceOrientations_iPad = "UIInterfaceOrientationPortrait UIInterfaceOrientationPortraitUpsideDown UIInterfaceOrientationLandscapeLeft UIInterfaceOrientationLandscapeRight";
				INFOPLIST_KEY_UISupportedInterfaceOrientations_iPhone = "UIInterfaceOrientationPortrait UIInterfaceOrientationLandscapeLeft UIInterfaceOrientationLandscapeRight";
				LD_RUNPATH_SEARCH_PATHS = (
					"$(inherited)",
					"@executable_path/Frameworks",
				);
				MARKETING_VERSION = 1.0;
				PRODUCT_BUNDLE_IDENTIFIER = nzzima.MyMessenger;
				PRODUCT_NAME = "$(TARGET_NAME)";
				SUPPORTED_PLATFORMS = "iphoneos iphonesimulator";
				SUPPORTS_MACCATALYST = NO;
				SUPPORTS_MAC_DESIGNED_FOR_IPHONE_IPAD = NO;
				SUPPORTS_XR_DESIGNED_FOR_IPHONE_IPAD = NO;
				SWIFT_EMIT_LOC_STRINGS = YES;
				SWIFT_VERSION = 5.0;
				TARGETED_DEVICE_FAMILY = 1;
			};
			name = Release;
		};
		8E0639FF2D104246002D2941 /* Debug */ = {
			isa = XCBuildConfiguration;
			buildSettings = {
				ALWAYS_SEARCH_USER_PATHS = NO;
				ASSETCATALOG_COMPILER_GENERATE_SWIFT_ASSET_SYMBOL_EXTENSIONS = YES;
				CLANG_ANALYZER_NONNULL = YES;
				CLANG_ANALYZER_NUMBER_OBJECT_CONVERSION = YES_AGGRESSIVE;
				CLANG_CXX_LANGUAGE_STANDARD = "gnu++20";
				CLANG_ENABLE_MODULES = YES;
				CLANG_ENABLE_OBJC_ARC = YES;
				CLANG_ENABLE_OBJC_WEAK = YES;
				CLANG_WARN_BLOCK_CAPTURE_AUTORELEASING = YES;
				CLANG_WARN_BOOL_CONVERSION = YES;
				CLANG_WARN_COMMA = YES;
				CLANG_WARN_CONSTANT_CONVERSION = YES;
				CLANG_WARN_DEPRECATED_OBJC_IMPLEMENTATIONS = YES;
				CLANG_WARN_DIRECT_OBJC_ISA_USAGE = YES_ERROR;
				CLANG_WARN_DOCUMENTATION_COMMENTS = YES;
				CLANG_WARN_EMPTY_BODY = YES;
				CLANG_WARN_ENUM_CONVERSION = YES;
				CLANG_WARN_INFINITE_RECURSION = YES;
				CLANG_WARN_INT_CONVERSION = YES;
				CLANG_WARN_NON_LITERAL_NULL_CONVERSION = YES;
				CLANG_WARN_OBJC_IMPLICIT_RETAIN_SELF = YES;
				CLANG_WARN_OBJC_LITERAL_CONVERSION = YES;
				CLANG_WARN_OBJC_ROOT_CLASS = YES_ERROR;
				CLANG_WARN_QUOTED_INCLUDE_IN_FRAMEWORK_HEADER = YES;
				CLANG_WARN_RANGE_LOOP_ANALYSIS = YES;
				CLANG_WARN_STRICT_PROTOTYPES = YES;
				CLANG_WARN_SUSPICIOUS_MOVE = YES;
				CLANG_WARN_UNGUARDED_AVAILABILITY = YES_AGGRESSIVE;
				CLANG_WARN_UNREACHABLE_CODE = YES;
				CLANG_WARN__DUPLICATE_METHOD_MATCH = YES;
				COPY_PHASE_STRIP = NO;
				DEBUG_INFORMATION_FORMAT = dwarf;
				ENABLE_STRICT_OBJC_MSGSEND = YES;
				ENABLE_TESTABILITY = YES;
				ENABLE_USER_SCRIPT_SANDBOXING = YES;
				GCC_C_LANGUAGE_STANDARD = gnu17;
				GCC_DYNAMIC_NO_PIC = NO;
				GCC_NO_COMMON_BLOCKS = YES;
				GCC_OPTIMIZATION_LEVEL = 0;
				GCC_PREPROCESSOR_DEFINITIONS = (
					"DEBUG=1",
					"$(inherited)",
				);
				GCC_WARN_64_TO_32_BIT_CONVERSION = YES;
				GCC_WARN_ABOUT_RETURN_TYPE = YES_ERROR;
				GCC_WARN_UNDECLARED_SELECTOR = YES;
				GCC_WARN_UNINITIALIZED_AUTOS = YES_AGGRESSIVE;
				GCC_WARN_UNUSED_FUNCTION = YES;
				GCC_WARN_UNUSED_VARIABLE = YES;
				IPHONEOS_DEPLOYMENT_TARGET = 18.0;
				LOCALIZATION_PREFERS_STRING_CATALOGS = YES;
				MTL_ENABLE_DEBUG_INFO = INCLUDE_SOURCE;
				MTL_FAST_MATH = YES;
				ONLY_ACTIVE_ARCH = YES;
				SDKROOT = iphoneos;
				SWIFT_ACTIVE_COMPILATION_CONDITIONS = "DEBUG $(inherited)";
				SWIFT_OPTIMIZATION_LEVEL = "-Onone";
			};
			name = Debug;
		};
		8E063A002D104246002D2941 /* Release */ = {
			isa = XCBuildConfiguration;
			buildSettings = {
				ALWAYS_SEARCH_USER_PATHS = NO;
				ASSETCATALOG_COMPILER_GENERATE_SWIFT_ASSET_SYMBOL_EXTENSIONS = YES;
				CLANG_ANALYZER_NONNULL = YES;
				CLANG_ANALYZER_NUMBER_OBJECT_CONVERSION = YES_AGGRESSIVE;
				CLANG_CXX_LANGUAGE_STANDARD = "gnu++20";
				CLANG_ENABLE_MODULES = YES;
				CLANG_ENABLE_OBJC_ARC = YES;
				CLANG_ENABLE_OBJC_WEAK = YES;
				CLANG_WARN_BLOCK_CAPTURE_AUTORELEASING = YES;
				CLANG_WARN_BOOL_CONVERSION = YES;
				CLANG_WARN_COMMA = YES;
				CLANG_WARN_CONSTANT_CONVERSION = YES;
				CLANG_WARN_DEPRECATED_OBJC_IMPLEMENTATIONS = YES;
				CLANG_WARN_DIRECT_OBJC_ISA_USAGE = YES_ERROR;
				CLANG_WARN_DOCUMENTATION_COMMENTS = YES;
				CLANG_WARN_EMPTY_BODY = YES;
				CLANG_WARN_ENUM_CONVERSION = YES;
				CLANG_WARN_INFINITE_RECURSION = YES;
				CLANG_WARN_INT_CONVERSION = YES;
				CLANG_WARN_NON_LITERAL_NULL_CONVERSION = YES;
				CLANG_WARN_OBJC_IMPLICIT_RETAIN_SELF = YES;
				CLANG_WARN_OBJC_LITERAL_CONVERSION = YES;
				CLANG_WARN_OBJC_ROOT_CLASS = YES_ERROR;
				CLANG_WARN_QUOTED_INCLUDE_IN_FRAMEWORK_HEADER = YES;
				CLANG_WARN_RANGE_LOOP_ANALYSIS = YES;
				CLANG_WARN_STRICT_PROTOTYPES = YES;
				CLANG_WARN_SUSPICIOUS_MOVE = YES;
				CLANG_WARN_UNGUARDED_AVAILABILITY = YES_AGGRESSIVE;
				CLANG_WARN_UNREACHABLE_CODE = YES;
				CLANG_WARN__DUPLICATE_METHOD_MATCH = YES;
				COPY_PHASE_STRIP = NO;
				DEBUG_INFORMATION_FORMAT = "dwarf-with-dsym";
				ENABLE_NS_ASSERTIONS = NO;
				ENABLE_STRICT_OBJC_MSGSEND = YES;
				ENABLE_USER_SCRIPT_SANDBOXING = YES;
				GCC_C_LANGUAGE_STANDARD = gnu17;
				GCC_NO_COMMON_BLOCKS = YES;
				GCC_WARN_64_TO_32_BIT_CONVERSION = YES;
				GCC_WARN_ABOUT_RETURN_TYPE = YES_ERROR;
				GCC_WARN_UNDECLARED_SELECTOR = YES;
				GCC_WARN_UNINITIALIZED_AUTOS = YES_AGGRESSIVE;
				GCC_WARN_UNUSED_FUNCTION = YES;
				GCC_WARN_UNUSED_VARIABLE = YES;
				IPHONEOS_DEPLOYMENT_TARGET = 18.0;
				LOCALIZATION_PREFERS_STRING_CATALOGS = YES;
				MTL_ENABLE_DEBUG_INFO = NO;
				MTL_FAST_MATH = YES;
				SDKROOT = iphoneos;
				SWIFT_COMPILATION_MODE = wholemodule;
				VALIDATE_PRODUCT = YES;
			};
			name = Release;
		};
/* End XCBuildConfiguration section */

/* Begin XCConfigurationList section */
		8E0639E42D104245002D2941 /* Build configuration list for PBXProject "MyMessenger" */ = {
			isa = XCConfigurationList;
			buildConfigurations = (
				8E0639FF2D104246002D2941 /* Debug */,
				8E063A002D104246002D2941 /* Release */,
			);
			defaultConfigurationIsVisible = 0;
			defaultConfigurationName = Release;
		};
		8E0639FC2D104246002D2941 /* Build configuration list for PBXNativeTarget "MyMessenger" */ = {
			isa = XCConfigurationList;
			buildConfigurations = (
				8E0639FD2D104246002D2941 /* Debug */,
				8E0639FE2D104246002D2941 /* Release */,
			);
			defaultConfigurationIsVisible = 0;
			defaultConfigurationName = Release;
		};
/* End XCConfigurationList section */

/* Begin XCRemoteSwiftPackageReference section */
		8E0BE2862D19800500A1CCAA /* XCRemoteSwiftPackageReference "MessageKit" */ = {
			isa = XCRemoteSwiftPackageReference;
			repositoryURL = "https://github.com/MessageKit/MessageKit";
			requirement = {
				kind = upToNextMajorVersion;
				minimumVersion = 5.0.0;
			};
		};
		8EFEA3372D1A9C45005651B5 /* XCRemoteSwiftPackageReference "firebase-ios-sdk" */ = {
			isa = XCRemoteSwiftPackageReference;
			repositoryURL = "https://github.com/firebase/firebase-ios-sdk";
			requirement = {
				kind = upToNextMajorVersion;
				minimumVersion = 11.6.0;
			};
		};
/* End XCRemoteSwiftPackageReference section */

/* Begin XCSwiftPackageProductDependency section */
		8E0BE2872D19800500A1CCAA /* MessageKit */ = {
			isa = XCSwiftPackageProductDependency;
			package = 8E0BE2862D19800500A1CCAA /* XCRemoteSwiftPackageReference "MessageKit" */;
			productName = MessageKit;
		};
		8EFEA33A2D1A9DA4005651B5 /* FirebaseCore */ = {
			isa = XCSwiftPackageProductDependency;
			package = 8EFEA3372D1A9C45005651B5 /* XCRemoteSwiftPackageReference "firebase-ios-sdk" */;
			productName = FirebaseCore;
		};
		8EFEA33D2D1A9F9D005651B5 /* FirebaseAuth */ = {
			isa = XCSwiftPackageProductDependency;
			package = 8EFEA3372D1A9C45005651B5 /* XCRemoteSwiftPackageReference "firebase-ios-sdk" */;
			productName = FirebaseAuth;
		};
		8EFEA33F2D1A9F9D005651B5 /* FirebaseDatabase */ = {
			isa = XCSwiftPackageProductDependency;
			package = 8EFEA3372D1A9C45005651B5 /* XCRemoteSwiftPackageReference "firebase-ios-sdk" */;
			productName = FirebaseDatabase;
		};
		8EFEA3412D1A9F9D005651B5 /* FirebaseFirestore */ = {
			isa = XCSwiftPackageProductDependency;
			package = 8EFEA3372D1A9C45005651B5 /* XCRemoteSwiftPackageReference "firebase-ios-sdk" */;
			productName = FirebaseFirestore;
		};
		8EFEA3432D1A9F9D005651B5 /* FirebaseStorage */ = {
			isa = XCSwiftPackageProductDependency;
			package = 8EFEA3372D1A9C45005651B5 /* XCRemoteSwiftPackageReference "firebase-ios-sdk" */;
			productName = FirebaseStorage;
		};
/* End XCSwiftPackageProductDependency section */
	};
	rootObject = 8E0639E12D104245002D2941 /* Project object */;
}
